// !$*UTF8*$!
{
	archiveVersion = 1;
	classes = {
	};
	objectVersion = 50;
	objects = {

/* Begin PBXBuildFile section */
		E8397CE1239E9B10001186EA /* AppDelegate.swift in Sources */ = {isa = PBXBuildFile; fileRef = E8397CE0239E9B10001186EA /* AppDelegate.swift */; };
		E8397CE3239E9B10001186EA /* SceneDelegate.swift in Sources */ = {isa = PBXBuildFile; fileRef = E8397CE2239E9B10001186EA /* SceneDelegate.swift */; };
		E8397CE5239E9B10001186EA /* ViewController.swift in Sources */ = {isa = PBXBuildFile; fileRef = E8397CE4239E9B10001186EA /* ViewController.swift */; };
		E8397CE8239E9B10001186EA /* Main.storyboard in Resources */ = {isa = PBXBuildFile; fileRef = E8397CE6239E9B10001186EA /* Main.storyboard */; };
		E8397CEA239E9B12001186EA /* Assets.xcassets in Resources */ = {isa = PBXBuildFile; fileRef = E8397CE9239E9B12001186EA /* Assets.xcassets */; };
		E8397CED239E9B12001186EA /* LaunchScreen.storyboard in Resources */ = {isa = PBXBuildFile; fileRef = E8397CEB239E9B12001186EA /* LaunchScreen.storyboard */; };
		E8397CF5239E9BA5001186EA /* MySoundClassifier.mlmodel in Sources */ = {isa = PBXBuildFile; fileRef = E8397CF4239E9BA5001186EA /* MySoundClassifier.mlmodel */; };
/* End PBXBuildFile section */

/* Begin PBXFileReference section */
		E8397CDD239E9B10001186EA /* MusicInstruments.app */ = {isa = PBXFileReference; explicitFileType = wrapper.application; includeInIndex = 0; path = MusicInstruments.app; sourceTree = BUILT_PRODUCTS_DIR; };
		E8397CE0239E9B10001186EA /* AppDelegate.swift */ = {isa = PBXFileReference; lastKnownFileType = sourcecode.swift; path = AppDelegate.swift; sourceTree = "<group>"; };
		E8397CE2239E9B10001186EA /* SceneDelegate.swift */ = {isa = PBXFileReference; lastKnownFileType = sourcecode.swift; path = SceneDelegate.swift; sourceTree = "<group>"; };
		E8397CE4239E9B10001186EA /* ViewController.swift */ = {isa = PBXFileReference; lastKnownFileType = sourcecode.swift; path = ViewController.swift; sourceTree = "<group>"; };
		E8397CE7239E9B10001186EA /* Base */ = {isa = PBXFileReference; lastKnownFileType = file.storyboard; name = Base; path = Base.lproj/Main.storyboard; sourceTree = "<group>"; };
		E8397CE9239E9B12001186EA /* Assets.xcassets */ = {isa = PBXFileReference; lastKnownFileType = folder.assetcatalog; path = Assets.xcassets; sourceTree = "<group>"; };
		E8397CEC239E9B12001186EA /* Base */ = {isa = PBXFileReference; lastKnownFileType = file.storyboard; name = Base; path = Base.lproj/LaunchScreen.storyboard; sourceTree = "<group>"; };
		E8397CEE239E9B12001186EA /* Info.plist */ = {isa = PBXFileReference; lastKnownFileType = text.plist.xml; path = Info.plist; sourceTree = "<group>"; };
		E8397CF4239E9BA5001186EA /* MySoundClassifier.mlmodel */ = {isa = PBXFileReference; lastKnownFileType = file.mlmodel; path = MySoundClassifier.mlmodel; sourceTree = "<group>"; };
/* End PBXFileReference section */

/* Begin PBXFrameworksBuildPhase section */
		E8397CDA239E9B10001186EA /* Frameworks */ = {
			isa = PBXFrameworksBuildPhase;
			buildActionMask = 2147483647;
			files = (
			);
			runOnlyForDeploymentPostprocessing = 0;
		};
/* End PBXFrameworksBuildPhase section */

/* Begin PBXGroup section */
		E8397CD4239E9B10001186EA = {
			isa = PBXGroup;
			children = (
				E8397CDF239E9B10001186EA /* MusicInstruments */,
				E8397CDE239E9B10001186EA /* Products */,
			);
			sourceTree = "<group>";
		};
		E8397CDE239E9B10001186EA /* Products */ = {
			isa = PBXGroup;
			children = (
				E8397CDD239E9B10001186EA /* MusicInstruments.app */,
			);
			name = Products;
			sourceTree = "<group>";
		};
		E8397CDF239E9B10001186EA /* MusicInstruments */ = {
			isa = PBXGroup;
			children = (
				E8397CE0239E9B10001186EA /* AppDelegate.swift */,
				E8397CE2239E9B10001186EA /* SceneDelegate.swift */,
				E8397CE4239E9B10001186EA /* ViewController.swift */,
				E8397CE6239E9B10001186EA /* Main.storyboard */,
				E8397CE9239E9B12001186EA /* Assets.xcassets */,
				E8397CF4239E9BA5001186EA /* MySoundClassifier.mlmodel */,
				E8397CEB239E9B12001186EA /* LaunchScreen.storyboard */,
				E8397CEE239E9B12001186EA /* Info.plist */,
			);
			path = MusicInstruments;
			sourceTree = "<group>";
		};
/* End PBXGroup section */

/* Begin PBXNativeTarget section */
		E8397CDC239E9B10001186EA /* MusicInstruments */ = {
			isa = PBXNativeTarget;
			buildConfigurationList = E8397CF1239E9B12001186EA /* Build configuration list for PBXNativeTarget "MusicInstruments" */;
			buildPhases = (
				E8397CD9239E9B10001186EA /* Sources */,
				E8397CDA239E9B10001186EA /* Frameworks */,
				E8397CDB239E9B10001186EA /* Resources */,
			);
			buildRules = (
			);
			dependencies = (
			);
			name = MusicInstruments;
			productName = MusicInstruments;
			productReference = E8397CDD239E9B10001186EA /* MusicInstruments.app */;
			productType = "com.apple.product-type.application";
		};
/* End PBXNativeTarget section */

/* Begin PBXProject section */
		E8397CD5239E9B10001186EA /* Project object */ = {
			isa = PBXProject;
			attributes = {
				LastSwiftUpdateCheck = 1120;
				LastUpgradeCheck = 1120;
				ORGANIZATIONNAME = "Martin Mitrevski";
				TargetAttributes = {
					E8397CDC239E9B10001186EA = {
						CreatedOnToolsVersion = 11.2.1;
					};
				};
			};
			buildConfigurationList = E8397CD8239E9B10001186EA /* Build configuration list for PBXProject "MusicInstruments" */;
			compatibilityVersion = "Xcode 9.3";
			developmentRegion = en;
			hasScannedForEncodings = 0;
			knownRegions = (
				en,
				Base,
			);
			mainGroup = E8397CD4239E9B10001186EA;
			productRefGroup = E8397CDE239E9B10001186EA /* Products */;
			projectDirPath = "";
			projectRoot = "";
			targets = (
				E8397CDC239E9B10001186EA /* MusicInstruments */,
			);
		};
/* End PBXProject section */

/* Begin PBXResourcesBuildPhase section */
		E8397CDB239E9B10001186EA /* Resources */ = {
			isa = PBXResourcesBuildPhase;
			buildActionMask = 2147483647;
			files = (
				E8397CED239E9B12001186EA /* LaunchScreen.storyboard in Resources */,
				E8397CEA239E9B12001186EA /* Assets.xcassets in Resources */,
				E8397CE8239E9B10001186EA /* Main.storyboard in Resources */,
			);
			runOnlyForDeploymentPostprocessing = 0;
		};
/* End PBXResourcesBuildPhase section */

/* Begin PBXSourcesBuildPhase section */
		E8397CD9239E9B10001186EA /* Sources */ = {
			isa = PBXSourcesBuildPhase;
			buildActionMask = 2147483647;
			files = (
				E8397CE5239E9B10001186EA /* ViewController.swift in Sources */,
				E8397CF5239E9BA5001186EA /* MySoundClassifier.mlmodel in Sources */,
				E8397CE1239E9B10001186EA /* AppDelegate.swift in Sources */,
				E8397CE3239E9B10001186EA /* SceneDelegate.swift in Sources */,
			);
			runOnlyForDeploymentPostprocessing = 0;
		};
/* End PBXSourcesBuildPhase section */

/* Begin PBXVariantGroup section */
		E8397CE6239E9B10001186EA /* Main.storyboard */ = {
			isa = PBXVariantGroup;
			children = (
				E8397CE7239E9B10001186EA /* Base */,
			);
			name = Main.storyboard;
			sourceTree = "<group>";
		};
		E8397CEB239E9B12001186EA /* LaunchScreen.storyboard */ = {
			isa = PBXVariantGroup;
			children = (
				E8397CEC239E9B12001186EA /* Base */,
			);
			name = LaunchScreen.storyboard;
			sourceTree = "<group>";
		};
/* End PBXVariantGroup section */

/* Begin XCBuildConfiguration section */
		E8397CEF239E9B12001186EA /* Debug */ = {
			isa = XCBuildConfiguration;
			buildSettings = {
				ALWAYS_SEARCH_USER_PATHS = NO;
				CLANG_ANALYZER_NONNULL = YES;
				CLANG_ANALYZER_NUMBER_OBJECT_CONVERSION = YES_AGGRESSIVE;
				CLANG_CXX_LANGUAGE_STANDARD = "gnu++14";
				CLANG_CXX_LIBRARY = "libc++";
				CLANG_ENABLE_MODULES = YES;
				CLANG_ENABLE_OBJC_ARC = YES;
				CLANG_ENABLE_OBJC_WEAK = YES;
				CLANG_WARN_BLOCK_CAPTURE_AUTORELEASING = YES;
				CLANG_WARN_BOOL_CONVERSION = YES;
				CLANG_WARN_COMMA = YES;
				CLANG_WARN_CONSTANT_CONVERSION = YES;
				CLANG_WARN_DEPRECATED_OBJC_IMPLEMENTATIONS = YES;
				CLANG_WARN_DIRECT_OBJC_ISA_USAGE = YES_ERROR;
				CLANG_WARN_DOCUMENTATION_COMMENTS = YES;
				CLANG_WARN_EMPTY_BODY = YES;
				CLANG_WARN_ENUM_CONVERSION = YES;
				CLANG_WARN_INFINITE_RECURSION = YES;
				CLANG_WARN_INT_CONVERSION = YES;
				CLANG_WARN_NON_LITERAL_NULL_CONVERSION = YES;
				CLANG_WARN_OBJC_IMPLICIT_RETAIN_SELF = YES;
				CLANG_WARN_OBJC_LITERAL_CONVERSION = YES;
				CLANG_WARN_OBJC_ROOT_CLASS = YES_ERROR;
				CLANG_WARN_RANGE_LOOP_ANALYSIS = YES;
				CLANG_WARN_STRICT_PROTOTYPES = YES;
				CLANG_WARN_SUSPICIOUS_MOVE = YES;
				CLANG_WARN_UNGUARDED_AVAILABILITY = YES_AGGRESSIVE;
				CLANG_WARN_UNREACHABLE_CODE = YES;
				CLANG_WARN__DUPLICATE_METHOD_MATCH = YES;
				COPY_PHASE_STRIP = NO;
				DEBUG_INFORMATION_FORMAT = dwarf;
				ENABLE_STRICT_OBJC_MSGSEND = YES;
				ENABLE_TESTABILITY = YES;
				GCC_C_LANGUAGE_STANDARD = gnu11;
				GCC_DYNAMIC_NO_PIC = NO;
				GCC_NO_COMMON_BLOCKS = YES;
				GCC_OPTIMIZATION_LEVEL = 0;
				GCC_PREPROCESSOR_DEFINITIONS = (
					"DEBUG=1",
					"$(inherited)",
				);
				GCC_WARN_64_TO_32_BIT_CONVERSION = YES;
				GCC_WARN_ABOUT_RETURN_TYPE = YES_ERROR;
				GCC_WARN_UNDECLARED_SELECTOR = YES;
				GCC_WARN_UNINITIALIZED_AUTOS = YES_AGGRESSIVE;
				GCC_WARN_UNUSED_FUNCTION = YES;
				GCC_WARN_UNUSED_VARIABLE = YES;
				IPHONEOS_DEPLOYMENT_TARGET = 13.2;
				MTL_ENABLE_DEBUG_INFO = INCLUDE_SOURCE;
				MTL_FAST_MATH = YES;
				ONLY_ACTIVE_ARCH = YES;
				SDKROOT = iphoneos;
				SWIFT_ACTIVE_COMPILATION_CONDITIONS = DEBUG;
				SWIFT_OPTIMIZATION_LEVEL = "-Onone";
			};
			name = Debug;
		};
		E8397CF0239E9B12001186EA /* Release */ = {
			isa = XCBuildConfiguration;
			buildSettings = {
				ALWAYS_SEARCH_USER_PATHS = NO;
				CLANG_ANALYZER_NONNULL = YES;
				CLANG_ANALYZER_NUMBER_OBJECT_CONVERSION = YES_AGGRESSIVE;
				CLANG_CXX_LANGUAGE_STANDARD = "gnu++14";
				CLANG_CXX_LIBRARY = "libc++";
				CLANG_ENABLE_MODULES = YES;
				CLANG_ENABLE_OBJC_ARC = YES;
				CLANG_ENABLE_OBJC_WEAK = YES;
				CLANG_WARN_BLOCK_CAPTURE_AUTORELEASING = YES;
				CLANG_WARN_BOOL_CONVERSION = YES;
				CLANG_WARN_COMMA = YES;
				CLANG_WARN_CONSTANT_CONVERSION = YES;
				CLANG_WARN_DEPRECATED_OBJC_IMPLEMENTATIONS = YES;
				CLANG_WARN_DIRECT_OBJC_ISA_USAGE = YES_ERROR;
				CLANG_WARN_DOCUMENTATION_COMMENTS = YES;
				CLANG_WARN_EMPTY_BODY = YES;
				CLANG_WARN_ENUM_CONVERSION = YES;
				CLANG_WARN_INFINITE_RECURSION = YES;
				CLANG_WARN_INT_CONVERSION = YES;
				CLANG_WARN_NON_LITERAL_NULL_CONVERSION = YES;
				CLANG_WARN_OBJC_IMPLICIT_RETAIN_SELF = YES;
				CLANG_WARN_OBJC_LITERAL_CONVERSION = YES;
				CLANG_WARN_OBJC_ROOT_CLASS = YES_ERROR;
				CLANG_WARN_RANGE_LOOP_ANALYSIS = YES;
				CLANG_WARN_STRICT_PROTOTYPES = YES;
				CLANG_WARN_SUSPICIOUS_MOVE = YES;
				CLANG_WARN_UNGUARDED_AVAILABILITY = YES_AGGRESSIVE;
				CLANG_WARN_UNREACHABLE_CODE = YES;
				CLANG_WARN__DUPLICATE_METHOD_MATCH = YES;
				COPY_PHASE_STRIP = NO;
				DEBUG_INFORMATION_FORMAT = "dwarf-with-dsym";
				ENABLE_NS_ASSERTIONS = NO;
				ENABLE_STRICT_OBJC_MSGSEND = YES;
				GCC_C_LANGUAGE_STANDARD = gnu11;
				GCC_NO_COMMON_BLOCKS = YES;
				GCC_WARN_64_TO_32_BIT_CONVERSION = YES;
				GCC_WARN_ABOUT_RETURN_TYPE = YES_ERROR;
				GCC_WARN_UNDECLARED_SELECTOR = YES;
				GCC_WARN_UNINITIALIZED_AUTOS = YES_AGGRESSIVE;
				GCC_WARN_UNUSED_FUNCTION = YES;
				GCC_WARN_UNUSED_VARIABLE = YES;
				IPHONEOS_DEPLOYMENT_TARGET = 13.2;
				MTL_ENABLE_DEBUG_INFO = NO;
				MTL_FAST_MATH = YES;
				SDKROOT = iphoneos;
				SWIFT_COMPILATION_MODE = wholemodule;
				SWIFT_OPTIMIZATION_LEVEL = "-O";
				VALIDATE_PRODUCT = YES;
			};
			name = Release;
		};
		E8397CF2239E9B12001186EA /* Debug */ = {
			isa = XCBuildConfiguration;
			buildSettings = {
				ASSETCATALOG_COMPILER_APPICON_NAME = AppIcon;
				CODE_SIGN_STYLE = Automatic;
				DEVELOPMENT_TEAM = UAM22JDBB2;
				INFOPLIST_FILE = MusicInstruments/Info.plist;
				LD_RUNPATH_SEARCH_PATHS = (
					"$(inherited)",
					"@executable_path/Frameworks",
				);
				PRODUCT_BUNDLE_IDENTIFIER = com.mitrevski.MusicInstruments;
				PRODUCT_NAME = "$(TARGET_NAME)";
				SWIFT_VERSION = 5.0;
				TARGETED_DEVICE_FAMILY = "1,2";
			};
			name = Debug;
		};
		E8397CF3239E9B12001186EA /* Release */ = {
			isa = XCBuildConfiguration;
			buildSettings = {
				ASSETCATALOG_COMPILER_APPICON_NAME = AppIcon;
				CODE_SIGN_STYLE = Automatic;
				DEVELOPMENT_TEAM = UAM22JDBB2;
				INFOPLIST_FILE = MusicInstruments/Info.plist;
				LD_RUNPATH_SEARCH_PATHS = (
					"$(inherited)",
					"@executable_path/Frameworks",
				);
				PRODUCT_BUNDLE_IDENTIFIER = com.mitrevski.MusicInstruments;
				PRODUCT_NAME = "$(TARGET_NAME)";
				SWIFT_VERSION = 5.0;
				TARGETED_DEVICE_FAMILY = "1,2";
			};
			name = Release;
		};
/* End XCBuildConfiguration section */

/* Begin XCConfigurationList section */
		E8397CD8239E9B10001186EA /* Build configuration list for PBXProject "MusicInstruments" */ = {
			isa = XCConfigurationList;
			buildConfigurations = (
				E8397CEF239E9B12001186EA /* Debug */,
				E8397CF0239E9B12001186EA /* Release */,
			);
			defaultConfigurationIsVisible = 0;
			defaultConfigurationName = Release;
		};
		E8397CF1239E9B12001186EA /* Build configuration list for PBXNativeTarget "MusicInstruments" */ = {
			isa = XCConfigurationList;
			buildConfigurations = (
				E8397CF2239E9B12001186EA /* Debug */,
				E8397CF3239E9B12001186EA /* Release */,
			);
			defaultConfigurationIsVisible = 0;
			defaultConfigurationName = Release;
		};
/* End XCConfigurationList section */
	};
	rootObject = E8397CD5239E9B10001186EA /* Project object */;
}
